<Solution>
  <Folder Name="/src/">
    <Project Path="src/Bugler.Access/Bugler.Access.csproj" />
    <Project Path="src/Bugler.Exploration/Bugler.Exploration.csproj" />
    <Project Path="src/Bugler.Host/Bugler.Host.csproj" />
    <Project Path="src/Bugler.Ingestion/Bugler.Ingestion.csproj" />
    <Project Path="src/Bugler.Registry/Bugler.Registry.csproj" />
    <Project Path="src/Bugler.SharedKernel/Bugler.SharedKernel.csproj" />
  </Folder>
  <Folder Name="/tests/">
    <Project Path="tests/Bugler.Access.Tests/Bugler.Access.Tests.csproj" />
    <Project Path="tests/Bugler.ArchitectureTests/Bugler.ArchitectureTests.csproj" />
    <Project Path="tests/Bugler.Exploration.Tests/Bugler.Exploration.Tests.csproj" />
    <Project Path="tests/Bugler.Ingestion.Tests/Bugler.Ingestion.Tests.csproj" />
    <Project Path="tests/Bugler.IntegrationTests/Bugler.IntegrationTests.csproj" />
    <Project Path="tests/Bugler.Registry.Tests/Bugler.Registry.Tests.csproj" />
  </Folder>
  <Folder Name="/tools/">
    <Project Path="tools/Bugler.SampleSource/Bugler.SampleSource.csproj" />
  </Folder>
</Solution>
